
Microsoft Visual Studio Solution File, Format Version 12.00
Project("{FAE04EC0-301F-11D3-BF4B-00C04F79EFBC}") = "Siesta.Configuration", "Siesta.Configuration\Siesta.Configuration.csproj", "{EE64977A-268C-4720-8074-FE1EA378582B}"
EndProject
Project("{FAE04EC0-301F-11D3-BF4B-00C04F79EFBC}") = "Siesta.Configuration.Tests", "Siesta.Configuration.Tests\Siesta.Configuration.Tests.csproj", "{E4F35ED8-EAA0-448E-932F-5D9C66F2CBB8}"
EndProject
Project("{2150E333-8FDC-42A3-9474-1A3956D46DE8}") = "Solution Items", "Solution Items", "{7FF177CB-5A14-4ED8-B1A1-F4BF3D5591C8}"
ProjectSection(SolutionItems) = preProject
	CODEOWNERS = CODEOWNERS
	README.md = README.md
	nuget.config = nuget.config
	pull_request_template.md = pull_request_template.md
	Siesta.ruleset = Siesta.ruleset
	Siesta.Tests.ruleset = Siesta.Tests.ruleset
	.gitignore = .gitignore
	.commitlintrc.json = .commitlintrc.json
	azure-build-pipeline.yaml = azure-build-pipeline.yaml
EndProjectSection
EndProject
Project("{FAE04EC0-301F-11D3-BF4B-00C04F79EFBC}") = "Siesta.Client", "Siesta.Client\Siesta.Client.csproj", "{9237E1D2-E9F8-45D6-8A04-A8FABDFAE6A0}"
EndProject
Project("{FAE04EC0-301F-11D3-BF4B-00C04F79EFBC}") = "Siesta.Client.Tests", "Siesta.Client.Tests\Siesta.Client.Tests.csproj", "{CDDED45D-4162-4105-BBA2-BE27406D8A6F}"
EndProject
Global
	GlobalSection(SolutionConfigurationPlatforms) = preSolution
		Debug|Any CPU = Debug|Any CPU
		Release|Any CPU = Release|Any CPU
	EndGlobalSection
	GlobalSection(ProjectConfigurationPlatforms) = postSolution
		{EE64977A-268C-4720-8074-FE1EA378582B}.Debug|Any CPU.ActiveCfg = Debug|Any CPU
		{EE64977A-268C-4720-8074-FE1EA378582B}.Debug|Any CPU.Build.0 = Debug|Any CPU
		{EE64977A-268C-4720-8074-FE1EA378582B}.Release|Any CPU.ActiveCfg = Release|Any CPU
		{EE64977A-268C-4720-8074-FE1EA378582B}.Release|Any CPU.Build.0 = Release|Any CPU
		{E4F35ED8-EAA0-448E-932F-5D9C66F2CBB8}.Debug|Any CPU.ActiveCfg = Debug|Any CPU
		{E4F35ED8-EAA0-448E-932F-5D9C66F2CBB8}.Debug|Any CPU.Build.0 = Debug|Any CPU
		{E4F35ED8-EAA0-448E-932F-5D9C66F2CBB8}.Release|Any CPU.ActiveCfg = Release|Any CPU
		{E4F35ED8-EAA0-448E-932F-5D9C66F2CBB8}.Release|Any CPU.Build.0 = Release|Any CPU
		{9237E1D2-E9F8-45D6-8A04-A8FABDFAE6A0}.Debug|Any CPU.ActiveCfg = Debug|Any CPU
		{9237E1D2-E9F8-45D6-8A04-A8FABDFAE6A0}.Debug|Any CPU.Build.0 = Debug|Any CPU
		{9237E1D2-E9F8-45D6-8A04-A8FABDFAE6A0}.Release|Any CPU.ActiveCfg = Release|Any CPU
		{9237E1D2-E9F8-45D6-8A04-A8FABDFAE6A0}.Release|Any CPU.Build.0 = Release|Any CPU
		{CDDED45D-4162-4105-BBA2-BE27406D8A6F}.Debug|Any CPU.ActiveCfg = Debug|Any CPU
		{CDDED45D-4162-4105-BBA2-BE27406D8A6F}.Debug|Any CPU.Build.0 = Debug|Any CPU
		{CDDED45D-4162-4105-BBA2-BE27406D8A6F}.Release|Any CPU.ActiveCfg = Release|Any CPU
		{CDDED45D-4162-4105-BBA2-BE27406D8A6F}.Release|Any CPU.Build.0 = Release|Any CPU
	EndGlobalSection
EndGlobal
